{
	"name": "positivepeter",
	"version": "4.0.0",
	"lockfileVersion": 2,
	"requires": true,
	"packages": {
		"": {
			"name": "positivepeter",
			"version": "4.0.0",
			"license": "ISC",
			"dependencies": {
				"@lukeed/ms": "^2.0.0",
				"@sentry/node": "^6.15.0",
				"@sentry/tracing": "^6.15.0",
				"colorette": "^2.0.16",
				"discord.js": "github:FireDiscordBot/discord.js",
				"dotenv-extended": "^2.9.0",
				"hastebin": "^0.2.1",
				"mongodb": "^4.2.0",
				"petitio": "^1.4.0"
			},
			"devDependencies": {
				"@sentry/types": "^6.15.0",
				"@types/got": "^9.6.12",
				"@types/node": "^16.11.9",
				"@types/node-cron": "^3.0.0",
				"typescript": "^4.5.2"
			}
		},
		"node_modules/@discordjs/builders": {
			"version": "0.8.2",
			"license": "Apache-2.0",
			"dependencies": {
				"@sindresorhus/is": "^4.2.0",
				"discord-api-types": "^0.24.0",
				"ow": "^0.27.0",
				"ts-mixer": "^6.0.0",
				"tslib": "^2.3.1"
			},
			"engines": {
				"node": ">=16.0.0",
				"npm": ">=7.0.0"
			}
		},
		"node_modules/@discordjs/builders/node_modules/discord-api-types": {
			"version": "0.24.0",
			"license": "MIT",
			"engines": {
				"node": ">=12"
			}
		},
		"node_modules/@discordjs/builders/node_modules/tslib": {
			"version": "2.3.1",
			"license": "0BSD"
		},
		"node_modules/@discordjs/collection": {
			"version": "0.3.2",
			"license": "Apache-2.0",
			"engines": {
				"node": ">=16.0.0",
				"npm": ">=7.0.0"
			}
		},
		"node_modules/@discordjs/form-data": {
			"version": "3.0.1",
			"license": "MIT",
			"dependencies": {
				"asynckit": "^0.4.0",
				"combined-stream": "^1.0.8",
				"mime-types": "^2.1.12"
			},
			"engines": {
				"node": ">= 6"
			}
		},
		"node_modules/@lukeed/ms": {
			"version": "2.0.0",
			"resolved": "https://registry.npmjs.org/@lukeed/ms/-/ms-2.0.0.tgz",
			"integrity": "sha512-NOlhE40rGptwLwJhE0ZW259hcoa+nkpQRQ1FUKV4Sr2z1Eh2WfkHQ3jjBNF7YEqOrF0TOpqnyU1wClvWBrXByg==",
			"engines": {
				"node": ">=8"
			}
		},
		"node_modules/@sapphire/async-queue": {
			"version": "1.1.9",
			"license": "MIT",
			"engines": {
				"node": ">=v14.0.0",
				"npm": ">=7.0.0"
			}
		},
		"node_modules/@sentry/core": {
			"version": "6.15.0",
			"license": "BSD-3-Clause",
			"dependencies": {
				"@sentry/hub": "6.15.0",
				"@sentry/minimal": "6.15.0",
				"@sentry/types": "6.15.0",
				"@sentry/utils": "6.15.0",
				"tslib": "^1.9.3"
			},
			"engines": {
				"node": ">=6"
			}
		},
		"node_modules/@sentry/hub": {
			"version": "6.15.0",
			"license": "BSD-3-Clause",
			"dependencies": {
				"@sentry/types": "6.15.0",
				"@sentry/utils": "6.15.0",
				"tslib": "^1.9.3"
			},
			"engines": {
				"node": ">=6"
			}
		},
		"node_modules/@sentry/minimal": {
			"version": "6.15.0",
			"license": "BSD-3-Clause",
			"dependencies": {
				"@sentry/hub": "6.15.0",
				"@sentry/types": "6.15.0",
				"tslib": "^1.9.3"
			},
			"engines": {
				"node": ">=6"
			}
		},
		"node_modules/@sentry/node": {
			"version": "6.15.0",
			"license": "BSD-3-Clause",
			"dependencies": {
				"@sentry/core": "6.15.0",
				"@sentry/hub": "6.15.0",
				"@sentry/tracing": "6.15.0",
				"@sentry/types": "6.15.0",
				"@sentry/utils": "6.15.0",
				"cookie": "^0.4.1",
				"https-proxy-agent": "^5.0.0",
				"lru_map": "^0.3.3",
				"tslib": "^1.9.3"
			},
			"engines": {
				"node": ">=6"
			}
		},
		"node_modules/@sentry/tracing": {
			"version": "6.15.0",
			"license": "MIT",
			"dependencies": {
				"@sentry/hub": "6.15.0",
				"@sentry/minimal": "6.15.0",
				"@sentry/types": "6.15.0",
				"@sentry/utils": "6.15.0",
				"tslib": "^1.9.3"
			},
			"engines": {
				"node": ">=6"
			}
		},
		"node_modules/@sentry/types": {
			"version": "6.15.0",
			"license": "BSD-3-Clause",
			"engines": {
				"node": ">=6"
			}
		},
		"node_modules/@sentry/utils": {
			"version": "6.15.0",
			"license": "BSD-3-Clause",
			"dependencies": {
				"@sentry/types": "6.15.0",
				"tslib": "^1.9.3"
			},
			"engines": {
				"node": ">=6"
			}
		},
		"node_modules/@sindresorhus/is": {
			"version": "4.2.0",
			"license": "MIT",
			"engines": {
				"node": ">=10"
			},
			"funding": {
				"url": "https://github.com/sindresorhus/is?sponsor=1"
			}
		},
		"node_modules/@types/got": {
			"version": "9.6.12",
			"dev": true,
			"license": "MIT",
			"dependencies": {
				"@types/node": "*",
				"@types/tough-cookie": "*",
				"form-data": "^2.5.0"
			}
		},
		"node_modules/@types/got/node_modules/form-data": {
			"version": "2.5.1",
			"dev": true,
			"license": "MIT",
			"dependencies": {
				"asynckit": "^0.4.0",
				"combined-stream": "^1.0.6",
				"mime-types": "^2.1.12"
			},
			"engines": {
				"node": ">= 0.12"
			}
		},
		"node_modules/@types/node": {
			"version": "16.11.11",
			"license": "MIT"
		},
		"node_modules/@types/node-cron": {
			"version": "3.0.0",
			"dev": true,
			"license": "MIT"
		},
		"node_modules/@types/node-fetch": {
			"version": "2.5.12",
			"license": "MIT",
			"dependencies": {
				"@types/node": "*",
				"form-data": "^3.0.0"
			}
		},
		"node_modules/@types/tough-cookie": {
			"version": "4.0.1",
			"dev": true,
			"license": "MIT"
		},
		"node_modules/@types/webidl-conversions": {
			"version": "6.1.1",
			"license": "MIT"
		},
		"node_modules/@types/whatwg-url": {
			"version": "8.2.1",
			"license": "MIT",
			"dependencies": {
				"@types/node": "*",
				"@types/webidl-conversions": "*"
			}
		},
		"node_modules/@types/ws": {
			"version": "8.2.1",
			"license": "MIT",
			"dependencies": {
				"@types/node": "*"
			}
		},
		"node_modules/agent-base": {
			"version": "6.0.2",
			"license": "MIT",
			"dependencies": {
				"debug": "4"
			},
			"engines": {
				"node": ">= 6.0.0"
			}
		},
		"node_modules/asynckit": {
			"version": "0.4.0",
			"license": "MIT"
		},
		"node_modules/auto-parse": {
			"version": "1.8.0",
			"license": "MIT",
			"dependencies": {
				"typpy": "2.3.11"
			}
		},
		"node_modules/base64-js": {
			"version": "1.5.1",
			"funding": [
				{
					"type": "github",
					"url": "https://github.com/sponsors/feross"
				},
				{
					"type": "patreon",
					"url": "https://www.patreon.com/feross"
				},
				{
					"type": "consulting",
					"url": "https://feross.org/support"
				}
			],
			"license": "MIT"
		},
		"node_modules/bson": {
			"version": "4.6.0",
			"license": "Apache-2.0",
			"dependencies": {
				"buffer": "^5.6.0"
			},
			"engines": {
				"node": ">=6.9.0"
			}
		},
		"node_modules/buffer": {
			"version": "5.7.1",
			"funding": [
				{
					"type": "github",
					"url": "https://github.com/sponsors/feross"
				},
				{
					"type": "patreon",
					"url": "https://www.patreon.com/feross"
				},
				{
					"type": "consulting",
					"url": "https://feross.org/support"
				}
			],
			"license": "MIT",
			"dependencies": {
				"base64-js": "^1.3.1",
				"ieee754": "^1.1.13"
			}
		},
		"node_modules/callsites": {
			"version": "3.1.0",
			"license": "MIT",
			"engines": {
				"node": ">=6"
			}
		},
		"node_modules/camelcase": {
			"version": "5.3.1",
			"license": "MIT",
			"engines": {
				"node": ">=6"
			}
		},
		"node_modules/capture-stack-trace": {
			"version": "1.0.1",
			"license": "MIT",
			"engines": {
				"node": ">=0.10.0"
			}
		},
		"node_modules/colorette": {
			"version": "2.0.16",
			"license": "MIT"
		},
		"node_modules/combined-stream": {
			"version": "1.0.8",
			"license": "MIT",
			"dependencies": {
				"delayed-stream": "~1.0.0"
			},
			"engines": {
				"node": ">= 0.8"
			}
		},
		"node_modules/cookie": {
			"version": "0.4.1",
			"license": "MIT",
			"engines": {
				"node": ">= 0.6"
			}
		},
		"node_modules/core-util-is": {
			"version": "1.0.3",
			"license": "MIT"
		},
		"node_modules/create-error-class": {
			"version": "3.0.2",
			"license": "MIT",
			"dependencies": {
				"capture-stack-trace": "^1.0.0"
			},
			"engines": {
				"node": ">=0.10.0"
			}
		},
		"node_modules/cross-spawn": {
			"version": "7.0.3",
			"license": "MIT",
			"dependencies": {
				"path-key": "^3.1.0",
				"shebang-command": "^2.0.0",
				"which": "^2.0.1"
			},
			"engines": {
				"node": ">= 8"
			}
		},
		"node_modules/debug": {
			"version": "4.3.3",
			"license": "MIT",
			"dependencies": {
				"ms": "2.1.2"
			},
			"engines": {
				"node": ">=6.0"
			},
			"peerDependenciesMeta": {
				"supports-color": {
					"optional": true
				}
			}
		},
		"node_modules/delayed-stream": {
			"version": "1.0.0",
			"license": "MIT",
			"engines": {
				"node": ">=0.4.0"
			}
		},
		"node_modules/denque": {
			"version": "2.0.1",
			"license": "Apache-2.0",
			"engines": {
				"node": ">=0.10"
			}
		},
		"node_modules/discord-api-types": {
			"version": "0.25.2",
			"license": "MIT",
			"engines": {
				"node": ">=12"
			}
		},
		"node_modules/discord.js": {
			"version": "13.4.0-dev",
			"resolved": "git+ssh://git@github.com/FireDiscordBot/discord.js.git#cd93f5ebb95f3088530579d6539dfd82f0807f2b",
			"license": "Apache-2.0",
			"dependencies": {
				"@discordjs/builders": "^0.8.2",
				"@discordjs/collection": "^0.3.2",
				"@discordjs/form-data": "^3.0.1",
				"@sapphire/async-queue": "^1.1.8",
				"@types/node-fetch": "^2.5.12",
				"@types/ws": "^8.2.0",
				"discord-api-types": "^0.25.0",
				"node-fetch": "^2.6.1",
				"ws": "^8.2.3"
			},
			"engines": {
				"node": ">=16.6.0",
				"npm": ">=7.0.0"
			}
		},
		"node_modules/dot-prop": {
			"version": "6.0.1",
			"license": "MIT",
			"dependencies": {
				"is-obj": "^2.0.0"
			},
			"engines": {
				"node": ">=10"
			},
			"funding": {
				"url": "https://github.com/sponsors/sindresorhus"
			}
		},
		"node_modules/dotenv": {
			"version": "8.6.0",
			"license": "BSD-2-Clause",
			"engines": {
				"node": ">=10"
			}
		},
		"node_modules/dotenv-extended": {
			"version": "2.9.0",
			"license": "MIT",
			"dependencies": {
				"auto-parse": "^1.3.0",
				"camelcase": "^5.3.1",
				"cross-spawn": "^7.0.1",
				"dotenv": "^8.2.0"
			},
			"bin": {
				"dotenv-extended": "lib/bin/index.js"
			},
			"engines": {
				"node": ">=6"
			}
		},
		"node_modules/duplexer2": {
			"version": "0.1.4",
			"license": "BSD-3-Clause",
			"dependencies": {
				"readable-stream": "^2.0.2"
			}
		},
		"node_modules/end-of-stream": {
			"version": "1.4.4",
			"license": "MIT",
			"dependencies": {
				"once": "^1.4.0"
			}
		},
		"node_modules/error-ex": {
			"version": "1.3.2",
			"license": "MIT",
			"dependencies": {
				"is-arrayish": "^0.2.1"
			}
		},
		"node_modules/form-data": {
			"version": "3.0.1",
			"license": "MIT",
			"dependencies": {
				"asynckit": "^0.4.0",
				"combined-stream": "^1.0.8",
				"mime-types": "^2.1.12"
			},
			"engines": {
				"node": ">= 6"
			}
		},
		"node_modules/function.name": {
			"version": "1.0.13",
			"license": "MIT",
			"dependencies": {
				"noop6": "^1.0.1"
			}
		},
		"node_modules/get-stream": {
			"version": "5.2.0",
			"license": "MIT",
			"dependencies": {
				"pump": "^3.0.0"
			},
			"engines": {
				"node": ">=8"
			},
			"funding": {
				"url": "https://github.com/sponsors/sindresorhus"
			}
		},
		"node_modules/got": {
			"version": "5.6.0",
			"license": "MIT",
			"dependencies": {
				"create-error-class": "^3.0.1",
				"duplexer2": "^0.1.4",
				"is-plain-obj": "^1.0.0",
				"is-redirect": "^1.0.0",
				"is-retry-allowed": "^1.0.0",
				"is-stream": "^1.0.0",
				"lowercase-keys": "^1.0.0",
				"node-status-codes": "^1.0.0",
				"object-assign": "^4.0.1",
				"parse-json": "^2.1.0",
				"pinkie-promise": "^2.0.0",
				"read-all-stream": "^3.0.0",
				"readable-stream": "^2.0.5",
				"timed-out": "^2.0.0",
				"unzip-response": "^1.0.0",
				"url-parse-lax": "^1.0.0"
			},
			"engines": {
				"node": ">=0.10.0"
			}
		},
		"node_modules/hastebin": {
			"version": "0.2.1",
			"license": "MIT",
			"dependencies": {
				"get-stream": "^5.1.0",
				"got": "^5.3.0",
				"yargs": "1.3.2"
			},
			"bin": {
				"hastebin": "src/cli.js"
			},
			"engines": {
				"node": ">=4"
			}
		},
		"node_modules/https-proxy-agent": {
			"version": "5.0.0",
			"license": "MIT",
			"dependencies": {
				"agent-base": "6",
				"debug": "4"
			},
			"engines": {
				"node": ">= 6"
			}
		},
		"node_modules/ieee754": {
			"version": "1.2.1",
			"funding": [
				{
					"type": "github",
					"url": "https://github.com/sponsors/feross"
				},
				{
					"type": "patreon",
					"url": "https://www.patreon.com/feross"
				},
				{
					"type": "consulting",
					"url": "https://feross.org/support"
				}
			],
			"license": "BSD-3-Clause"
		},
		"node_modules/inherits": {
			"version": "2.0.4",
			"license": "ISC"
		},
		"node_modules/is-arrayish": {
			"version": "0.2.1",
			"license": "MIT"
		},
		"node_modules/is-obj": {
			"version": "2.0.0",
			"license": "MIT",
			"engines": {
				"node": ">=8"
			}
		},
		"node_modules/is-plain-obj": {
			"version": "1.1.0",
			"license": "MIT",
			"engines": {
				"node": ">=0.10.0"
			}
		},
		"node_modules/is-redirect": {
			"version": "1.0.0",
			"license": "MIT",
			"engines": {
				"node": ">=0.10.0"
			}
		},
		"node_modules/is-retry-allowed": {
			"version": "1.2.0",
			"license": "MIT",
			"engines": {
				"node": ">=0.10.0"
			}
		},
		"node_modules/is-stream": {
			"version": "1.1.0",
			"license": "MIT",
			"engines": {
				"node": ">=0.10.0"
			}
		},
		"node_modules/isarray": {
			"version": "1.0.0",
			"license": "MIT"
		},
		"node_modules/isexe": {
			"version": "2.0.0",
			"license": "ISC"
		},
		"node_modules/lodash.isequal": {
			"version": "4.5.0",
			"license": "MIT"
		},
		"node_modules/lowercase-keys": {
			"version": "1.0.1",
			"license": "MIT",
			"engines": {
				"node": ">=0.10.0"
			}
		},
		"node_modules/lru_map": {
			"version": "0.3.3",
			"license": "MIT"
		},
		"node_modules/memory-pager": {
			"version": "1.5.0",
			"license": "MIT",
			"optional": true
		},
		"node_modules/mime-db": {
			"version": "1.51.0",
			"license": "MIT",
			"engines": {
				"node": ">= 0.6"
			}
		},
		"node_modules/mime-types": {
			"version": "2.1.34",
			"license": "MIT",
			"dependencies": {
				"mime-db": "1.51.0"
			},
			"engines": {
				"node": ">= 0.6"
			}
		},
		"node_modules/mongodb": {
			"version": "4.2.1",
			"license": "Apache-2.0",
			"dependencies": {
				"bson": "^4.6.0",
				"denque": "^2.0.1",
				"mongodb-connection-string-url": "^2.2.0"
			},
			"engines": {
				"node": ">=12.9.0"
			},
			"optionalDependencies": {
				"saslprep": "^1.0.3"
			}
		},
		"node_modules/mongodb-connection-string-url": {
			"version": "2.2.0",
			"license": "Apache-2.0",
			"dependencies": {
				"@types/whatwg-url": "^8.2.1",
				"whatwg-url": "^11.0.0"
			}
		},
		"node_modules/ms": {
			"version": "2.1.2",
			"license": "MIT"
		},
		"node_modules/node-fetch": {
			"version": "2.6.6",
			"license": "MIT",
			"dependencies": {
				"whatwg-url": "^5.0.0"
			},
			"engines": {
				"node": "4.x || >=6.0.0"
			}
		},
		"node_modules/node-fetch/node_modules/tr46": {
			"version": "0.0.3",
			"license": "MIT"
		},
		"node_modules/node-fetch/node_modules/webidl-conversions": {
			"version": "3.0.1",
			"license": "BSD-2-Clause"
		},
		"node_modules/node-fetch/node_modules/whatwg-url": {
			"version": "5.0.0",
			"license": "MIT",
			"dependencies": {
				"tr46": "~0.0.3",
				"webidl-conversions": "^3.0.0"
			}
		},
		"node_modules/node-status-codes": {
			"version": "1.0.0",
			"license": "MIT",
			"engines": {
				"node": ">=0.10.0"
			}
		},
		"node_modules/noop6": {
			"version": "1.0.9",
			"license": "MIT"
		},
		"node_modules/object-assign": {
			"version": "4.1.1",
			"license": "MIT",
			"engines": {
				"node": ">=0.10.0"
			}
		},
		"node_modules/once": {
			"version": "1.4.0",
			"license": "ISC",
			"dependencies": {
				"wrappy": "1"
			}
		},
		"node_modules/ow": {
			"version": "0.27.0",
			"license": "MIT",
			"dependencies": {
				"@sindresorhus/is": "^4.0.1",
				"callsites": "^3.1.0",
				"dot-prop": "^6.0.1",
				"lodash.isequal": "^4.5.0",
				"type-fest": "^1.2.1",
				"vali-date": "^1.0.0"
			},
			"engines": {
				"node": ">=12"
			},
			"funding": {
				"url": "https://github.com/sponsors/sindresorhus"
			}
		},
		"node_modules/parse-json": {
			"version": "2.2.0",
			"license": "MIT",
			"dependencies": {
				"error-ex": "^1.2.0"
			},
			"engines": {
				"node": ">=0.10.0"
			}
		},
		"node_modules/path-key": {
			"version": "3.1.1",
			"license": "MIT",
			"engines": {
				"node": ">=8"
			}
		},
		"node_modules/petitio": {
			"version": "1.4.0",
			"license": "MIT",
			"engines": {
				"node": ">=12.3.0"
			}
		},
		"node_modules/pinkie": {
			"version": "2.0.4",
			"license": "MIT",
			"engines": {
				"node": ">=0.10.0"
			}
		},
		"node_modules/pinkie-promise": {
			"version": "2.0.1",
			"license": "MIT",
			"dependencies": {
				"pinkie": "^2.0.0"
			},
			"engines": {
				"node": ">=0.10.0"
			}
		},
		"node_modules/prepend-http": {
			"version": "1.0.4",
			"license": "MIT",
			"engines": {
				"node": ">=0.10.0"
			}
		},
		"node_modules/process-nextick-args": {
			"version": "2.0.1",
			"license": "MIT"
		},
		"node_modules/pump": {
			"version": "3.0.0",
			"license": "MIT",
			"dependencies": {
				"end-of-stream": "^1.1.0",
				"once": "^1.3.1"
			}
		},
		"node_modules/punycode": {
			"version": "2.1.1",
			"license": "MIT",
			"engines": {
				"node": ">=6"
			}
		},
		"node_modules/read-all-stream": {
			"version": "3.1.0",
			"license": "MIT",
			"dependencies": {
				"pinkie-promise": "^2.0.0",
				"readable-stream": "^2.0.0"
			},
			"engines": {
				"node": ">=0.10.0"
			}
		},
		"node_modules/readable-stream": {
			"version": "2.3.7",
			"license": "MIT",
			"dependencies": {
				"core-util-is": "~1.0.0",
				"inherits": "~2.0.3",
				"isarray": "~1.0.0",
				"process-nextick-args": "~2.0.0",
				"safe-buffer": "~5.1.1",
				"string_decoder": "~1.1.1",
				"util-deprecate": "~1.0.1"
			}
		},
		"node_modules/safe-buffer": {
			"version": "5.1.2",
			"license": "MIT"
		},
		"node_modules/saslprep": {
			"version": "1.0.3",
			"license": "MIT",
			"optional": true,
			"dependencies": {
				"sparse-bitfield": "^3.0.3"
			},
			"engines": {
				"node": ">=6"
			}
		},
		"node_modules/shebang-command": {
			"version": "2.0.0",
			"license": "MIT",
			"dependencies": {
				"shebang-regex": "^3.0.0"
			},
			"engines": {
				"node": ">=8"
			}
		},
		"node_modules/shebang-regex": {
			"version": "3.0.0",
			"license": "MIT",
			"engines": {
				"node": ">=8"
			}
		},
		"node_modules/sparse-bitfield": {
			"version": "3.0.3",
			"license": "MIT",
			"optional": true,
			"dependencies": {
				"memory-pager": "^1.0.2"
			}
		},
		"node_modules/string_decoder": {
			"version": "1.1.1",
			"license": "MIT",
			"dependencies": {
				"safe-buffer": "~5.1.0"
			}
		},
		"node_modules/timed-out": {
			"version": "2.0.0",
			"license": "MIT",
			"engines": {
				"node": ">=0.10.0"
			}
		},
		"node_modules/tr46": {
			"version": "3.0.0",
			"license": "MIT",
			"dependencies": {
				"punycode": "^2.1.1"
			},
			"engines": {
				"node": ">=12"
			}
		},
		"node_modules/ts-mixer": {
			"version": "6.0.0",
			"license": "MIT"
		},
		"node_modules/tslib": {
			"version": "1.14.1",
			"license": "0BSD"
		},
		"node_modules/type-fest": {
			"version": "1.4.0",
			"license": "(MIT OR CC0-1.0)",
			"engines": {
				"node": ">=10"
			},
			"funding": {
				"url": "https://github.com/sponsors/sindresorhus"
			}
		},
		"node_modules/typescript": {
			"version": "4.5.2",
			"dev": true,
			"license": "Apache-2.0",
			"bin": {
				"tsc": "bin/tsc",
				"tsserver": "bin/tsserver"
			},
			"engines": {
				"node": ">=4.2.0"
			}
		},
		"node_modules/typpy": {
			"version": "2.3.11",
			"license": "MIT",
			"dependencies": {
				"function.name": "^1.0.3"
			}
		},
		"node_modules/unzip-response": {
			"version": "1.0.2",
			"license": "MIT",
			"engines": {
				"node": ">=0.10"
			}
		},
		"node_modules/url-parse-lax": {
			"version": "1.0.0",
			"license": "MIT",
			"dependencies": {
				"prepend-http": "^1.0.1"
			},
			"engines": {
				"node": ">=0.10.0"
			}
		},
		"node_modules/util-deprecate": {
			"version": "1.0.2",
			"license": "MIT"
		},
		"node_modules/vali-date": {
			"version": "1.0.0",
			"license": "MIT",
			"engines": {
				"node": ">=0.10.0"
			}
		},
		"node_modules/webidl-conversions": {
			"version": "7.0.0",
			"license": "BSD-2-Clause",
			"engines": {
				"node": ">=12"
			}
		},
		"node_modules/whatwg-url": {
			"version": "11.0.0",
			"license": "MIT",
			"dependencies": {
				"tr46": "^3.0.0",
				"webidl-conversions": "^7.0.0"
			},
			"engines": {
				"node": ">=12"
			}
		},
		"node_modules/which": {
			"version": "2.0.2",
			"license": "ISC",
			"dependencies": {
				"isexe": "^2.0.0"
			},
			"bin": {
				"node-which": "bin/node-which"
			},
			"engines": {
				"node": ">= 8"
			}
		},
		"node_modules/wrappy": {
			"version": "1.0.2",
			"license": "ISC"
		},
		"node_modules/ws": {
			"version": "8.3.0",
			"license": "MIT",
			"engines": {
				"node": ">=10.0.0"
			},
			"peerDependencies": {
				"bufferutil": "^4.0.1",
				"utf-8-validate": "^5.0.2"
			},
			"peerDependenciesMeta": {
				"bufferutil": {
					"optional": true
				},
				"utf-8-validate": {
					"optional": true
				}
			}
		},
		"node_modules/yargs": {
			"version": "1.3.2",
			"license": "MIT/X11"
		}
	},
	"dependencies": {
		"@discordjs/builders": {
			"version": "0.8.2",
			"requires": {
				"@sindresorhus/is": "^4.2.0",
				"discord-api-types": "^0.24.0",
				"ow": "^0.27.0",
				"ts-mixer": "^6.0.0",
				"tslib": "^2.3.1"
			},
			"dependencies": {
				"discord-api-types": {
					"version": "0.24.0"
				},
				"tslib": {
					"version": "2.3.1"
				}
			}
		},
		"@discordjs/collection": {
			"version": "0.3.2"
		},
		"@discordjs/form-data": {
			"version": "3.0.1",
			"requires": {
				"asynckit": "^0.4.0",
				"combined-stream": "^1.0.8",
				"mime-types": "^2.1.12"
			}
		},
		"@lukeed/ms": {
			"version": "2.0.0",
			"resolved": "https://registry.npmjs.org/@lukeed/ms/-/ms-2.0.0.tgz",
			"integrity": "sha512-NOlhE40rGptwLwJhE0ZW259hcoa+nkpQRQ1FUKV4Sr2z1Eh2WfkHQ3jjBNF7YEqOrF0TOpqnyU1wClvWBrXByg=="
		},
		"@sapphire/async-queue": {
			"version": "1.1.9"
		},
		"@sentry/core": {
			"version": "6.15.0",
			"requires": {
				"@sentry/hub": "6.15.0",
				"@sentry/minimal": "6.15.0",
				"@sentry/types": "6.15.0",
				"@sentry/utils": "6.15.0",
				"tslib": "^1.9.3"
			}
		},
		"@sentry/hub": {
			"version": "6.15.0",
			"requires": {
				"@sentry/types": "6.15.0",
				"@sentry/utils": "6.15.0",
				"tslib": "^1.9.3"
			}
		},
		"@sentry/minimal": {
			"version": "6.15.0",
			"requires": {
				"@sentry/hub": "6.15.0",
				"@sentry/types": "6.15.0",
				"tslib": "^1.9.3"
			}
		},
		"@sentry/node": {
			"version": "6.15.0",
			"requires": {
				"@sentry/core": "6.15.0",
				"@sentry/hub": "6.15.0",
				"@sentry/tracing": "6.15.0",
				"@sentry/types": "6.15.0",
				"@sentry/utils": "6.15.0",
				"cookie": "^0.4.1",
				"https-proxy-agent": "^5.0.0",
				"lru_map": "^0.3.3",
				"tslib": "^1.9.3"
			}
		},
		"@sentry/tracing": {
			"version": "6.15.0",
			"requires": {
				"@sentry/hub": "6.15.0",
				"@sentry/minimal": "6.15.0",
				"@sentry/types": "6.15.0",
				"@sentry/utils": "6.15.0",
				"tslib": "^1.9.3"
			}
		},
		"@sentry/types": {
			"version": "6.15.0"
		},
		"@sentry/utils": {
			"version": "6.15.0",
			"requires": {
				"@sentry/types": "6.15.0",
				"tslib": "^1.9.3"
			}
		},
		"@sindresorhus/is": {
			"version": "4.2.0"
		},
		"@types/got": {
			"version": "9.6.12",
			"dev": true,
			"requires": {
				"@types/node": "*",
				"@types/tough-cookie": "*",
				"form-data": "^2.5.0"
			},
			"dependencies": {
				"form-data": {
					"version": "2.5.1",
					"dev": true,
					"requires": {
						"asynckit": "^0.4.0",
						"combined-stream": "^1.0.6",
						"mime-types": "^2.1.12"
					}
				}
			}
		},
		"@types/node": {
			"version": "16.11.11"
		},
		"@types/node-cron": {
			"version": "3.0.0",
			"dev": true
		},
		"@types/node-fetch": {
			"version": "2.5.12",
			"requires": {
				"@types/node": "*",
				"form-data": "^3.0.0"
			}
		},
		"@types/tough-cookie": {
			"version": "4.0.1",
			"dev": true
		},
		"@types/webidl-conversions": {
			"version": "6.1.1"
		},
		"@types/whatwg-url": {
			"version": "8.2.1",
			"requires": {
				"@types/node": "*",
				"@types/webidl-conversions": "*"
			}
		},
		"@types/ws": {
			"version": "8.2.1",
			"requires": {
				"@types/node": "*"
			}
		},
		"agent-base": {
			"version": "6.0.2",
			"requires": {
				"debug": "4"
			}
		},
		"asynckit": {
			"version": "0.4.0"
		},
		"auto-parse": {
			"version": "1.8.0",
			"requires": {
				"typpy": "2.3.11"
			}
		},
		"base64-js": {
			"version": "1.5.1"
		},
		"bson": {
			"version": "4.6.0",
			"requires": {
				"buffer": "^5.6.0"
			}
		},
		"buffer": {
			"version": "5.7.1",
			"requires": {
				"base64-js": "^1.3.1",
				"ieee754": "^1.1.13"
			}
		},
		"callsites": {
			"version": "3.1.0"
		},
		"camelcase": {
			"version": "5.3.1"
		},
		"capture-stack-trace": {
			"version": "1.0.1"
		},
		"colorette": {
			"version": "2.0.16"
		},
		"combined-stream": {
			"version": "1.0.8",
			"requires": {
				"delayed-stream": "~1.0.0"
			}
		},
		"cookie": {
			"version": "0.4.1"
		},
		"core-util-is": {
			"version": "1.0.3"
		},
		"create-error-class": {
			"version": "3.0.2",
			"requires": {
				"capture-stack-trace": "^1.0.0"
			}
		},
		"cross-spawn": {
			"version": "7.0.3",
			"requires": {
				"path-key": "^3.1.0",
				"shebang-command": "^2.0.0",
				"which": "^2.0.1"
			}
		},
		"debug": {
			"version": "4.3.3",
			"requires": {
				"ms": "2.1.2"
			}
		},
		"delayed-stream": {
			"version": "1.0.0"
		},
		"denque": {
			"version": "2.0.1"
		},
		"discord-api-types": {
			"version": "0.25.2"
		},
		"discord.js": {
			"version": "git+ssh://git@github.com/FireDiscordBot/discord.js.git#cd93f5ebb95f3088530579d6539dfd82f0807f2b",
			"from": "discord.js@github:FireDiscordBot/discord.js",
			"requires": {
				"@discordjs/builders": "^0.8.2",
				"@discordjs/collection": "^0.3.2",
				"@discordjs/form-data": "^3.0.1",
				"@sapphire/async-queue": "^1.1.8",
				"@types/node-fetch": "^2.5.12",
				"@types/ws": "^8.2.0",
				"discord-api-types": "^0.25.0",
				"node-fetch": "^2.6.1",
				"ws": "^8.2.3"
			}
		},
		"dot-prop": {
			"version": "6.0.1",
			"requires": {
				"is-obj": "^2.0.0"
			}
		},
		"dotenv": {
			"version": "8.6.0"
		},
		"dotenv-extended": {
			"version": "2.9.0",
			"requires": {
				"auto-parse": "^1.3.0",
				"camelcase": "^5.3.1",
				"cross-spawn": "^7.0.1",
				"dotenv": "^8.2.0"
			}
		},
		"duplexer2": {
			"version": "0.1.4",
			"requires": {
				"readable-stream": "^2.0.2"
			}
		},
		"end-of-stream": {
			"version": "1.4.4",
			"requires": {
				"once": "^1.4.0"
			}
		},
		"error-ex": {
			"version": "1.3.2",
			"requires": {
				"is-arrayish": "^0.2.1"
			}
		},
		"form-data": {
			"version": "3.0.1",
			"requires": {
				"asynckit": "^0.4.0",
				"combined-stream": "^1.0.8",
				"mime-types": "^2.1.12"
			}
		},
		"function.name": {
			"version": "1.0.13",
			"requires": {
				"noop6": "^1.0.1"
			}
		},
		"get-stream": {
			"version": "5.2.0",
			"requires": {
				"pump": "^3.0.0"
			}
		},
		"got": {
			"version": "5.6.0",
			"requires": {
				"create-error-class": "^3.0.1",
				"duplexer2": "^0.1.4",
				"is-plain-obj": "^1.0.0",
				"is-redirect": "^1.0.0",
				"is-retry-allowed": "^1.0.0",
				"is-stream": "^1.0.0",
				"lowercase-keys": "^1.0.0",
				"node-status-codes": "^1.0.0",
				"object-assign": "^4.0.1",
				"parse-json": "^2.1.0",
				"pinkie-promise": "^2.0.0",
				"read-all-stream": "^3.0.0",
				"readable-stream": "^2.0.5",
				"timed-out": "^2.0.0",
				"unzip-response": "^1.0.0",
				"url-parse-lax": "^1.0.0"
			}
		},
		"hastebin": {
			"version": "0.2.1",
			"requires": {
				"get-stream": "^5.1.0",
				"got": "^5.3.0",
				"yargs": "1.3.2"
			}
		},
		"https-proxy-agent": {
			"version": "5.0.0",
			"requires": {
				"agent-base": "6",
				"debug": "4"
			}
		},
		"ieee754": {
			"version": "1.2.1"
		},
		"inherits": {
			"version": "2.0.4"
		},
		"is-arrayish": {
			"version": "0.2.1"
		},
		"is-obj": {
			"version": "2.0.0"
		},
		"is-plain-obj": {
			"version": "1.1.0"
		},
		"is-redirect": {
			"version": "1.0.0"
		},
		"is-retry-allowed": {
			"version": "1.2.0"
		},
		"is-stream": {
			"version": "1.1.0"
		},
		"isarray": {
			"version": "1.0.0"
		},
		"isexe": {
			"version": "2.0.0"
		},
		"lodash.isequal": {
			"version": "4.5.0"
		},
		"lowercase-keys": {
			"version": "1.0.1"
		},
		"lru_map": {
			"version": "0.3.3"
		},
		"memory-pager": {
			"version": "1.5.0",
			"optional": true
		},
		"mime-db": {
			"version": "1.51.0"
		},
		"mime-types": {
			"version": "2.1.34",
			"requires": {
				"mime-db": "1.51.0"
			}
		},
		"mongodb": {
			"version": "4.2.1",
			"requires": {
				"bson": "^4.6.0",
				"denque": "^2.0.1",
				"mongodb-connection-string-url": "^2.2.0",
				"saslprep": "^1.0.3"
			}
		},
		"mongodb-connection-string-url": {
			"version": "2.2.0",
			"requires": {
				"@types/whatwg-url": "^8.2.1",
				"whatwg-url": "^11.0.0"
			}
		},
		"ms": {
			"version": "2.1.2"
		},
		"node-fetch": {
			"version": "2.6.6",
			"requires": {
				"whatwg-url": "^5.0.0"
			},
			"dependencies": {
				"tr46": {
					"version": "0.0.3"
				},
				"webidl-conversions": {
					"version": "3.0.1"
				},
				"whatwg-url": {
					"version": "5.0.0",
					"requires": {
						"tr46": "~0.0.3",
						"webidl-conversions": "^3.0.0"
					}
				}
			}
		},
		"node-status-codes": {
			"version": "1.0.0"
		},
		"noop6": {
			"version": "1.0.9"
		},
		"object-assign": {
			"version": "4.1.1"
		},
		"once": {
			"version": "1.4.0",
			"requires": {
				"wrappy": "1"
			}
		},
		"ow": {
			"version": "0.27.0",
			"requires": {
				"@sindresorhus/is": "^4.0.1",
				"callsites": "^3.1.0",
				"dot-prop": "^6.0.1",
				"lodash.isequal": "^4.5.0",
				"type-fest": "^1.2.1",
				"vali-date": "^1.0.0"
			}
		},
		"parse-json": {
			"version": "2.2.0",
			"requires": {
				"error-ex": "^1.2.0"
			}
		},
		"path-key": {
			"version": "3.1.1"
		},
		"petitio": {
			"version": "1.4.0"
		},
		"pinkie": {
			"version": "2.0.4"
		},
		"pinkie-promise": {
			"version": "2.0.1",
			"requires": {
				"pinkie": "^2.0.0"
			}
		},
		"prepend-http": {
			"version": "1.0.4"
		},
		"process-nextick-args": {
			"version": "2.0.1"
		},
		"pump": {
			"version": "3.0.0",
			"requires": {
				"end-of-stream": "^1.1.0",
				"once": "^1.3.1"
			}
		},
		"punycode": {
			"version": "2.1.1"
		},
		"read-all-stream": {
			"version": "3.1.0",
			"requires": {
				"pinkie-promise": "^2.0.0",
				"readable-stream": "^2.0.0"
			}
		},
		"readable-stream": {
			"version": "2.3.7",
			"requires": {
				"core-util-is": "~1.0.0",
				"inherits": "~2.0.3",
				"isarray": "~1.0.0",
				"process-nextick-args": "~2.0.0",
				"safe-buffer": "~5.1.1",
				"string_decoder": "~1.1.1",
				"util-deprecate": "~1.0.1"
			}
		},
		"safe-buffer": {
			"version": "5.1.2"
		},
		"saslprep": {
			"version": "1.0.3",
			"optional": true,
			"requires": {
				"sparse-bitfield": "^3.0.3"
			}
		},
		"shebang-command": {
			"version": "2.0.0",
			"requires": {
				"shebang-regex": "^3.0.0"
			}
		},
		"shebang-regex": {
			"version": "3.0.0"
		},
		"sparse-bitfield": {
			"version": "3.0.3",
			"optional": true,
			"requires": {
				"memory-pager": "^1.0.2"
			}
		},
		"string_decoder": {
			"version": "1.1.1",
			"requires": {
				"safe-buffer": "~5.1.0"
			}
		},
		"timed-out": {
			"version": "2.0.0"
		},
		"tr46": {
			"version": "3.0.0",
			"requires": {
				"punycode": "^2.1.1"
			}
		},
		"ts-mixer": {
			"version": "6.0.0"
		},
		"tslib": {
			"version": "1.14.1"
		},
		"type-fest": {
			"version": "1.4.0"
		},
		"typescript": {
			"version": "4.5.2",
			"dev": true
		},
		"typpy": {
			"version": "2.3.11",
			"requires": {
				"function.name": "^1.0.3"
			}
		},
		"unzip-response": {
			"version": "1.0.2"
		},
		"url-parse-lax": {
			"version": "1.0.0",
			"requires": {
				"prepend-http": "^1.0.1"
			}
		},
		"util-deprecate": {
			"version": "1.0.2"
		},
		"vali-date": {
			"version": "1.0.0"
		},
		"webidl-conversions": {
			"version": "7.0.0"
		},
		"whatwg-url": {
			"version": "11.0.0",
			"requires": {
				"tr46": "^3.0.0",
				"webidl-conversions": "^7.0.0"
			}
		},
		"which": {
			"version": "2.0.2",
			"requires": {
				"isexe": "^2.0.0"
			}
		},
		"wrappy": {
			"version": "1.0.2"
		},
		"ws": {
			"version": "8.3.0",
			"requires": {}
		},
		"yargs": {
			"version": "1.3.2"
		}
	}
}
